<?xml version="1.0" encoding="utf-8"?>
<Project ToolsVersion="4.0" xmlns="http://schemas.microsoft.com/developer/msbuild/2003">
  <ItemGroup>
    <Filter Include="..">
      <UniqueIdentifier>{F7054B89-2007-4695-A298-6686C09C8904}</UniqueIdentifier>
    </Filter>
    <Filter Include="..\engine">
      <UniqueIdentifier>{0F04312B-6A83-439B-A220-16A8D83AD70C}</UniqueIdentifier>
    </Filter>
    <Filter Include="..\engine\externals">
      <UniqueIdentifier>{A09CBACC-E6D7-4451-A14C-1B3423C2A528}</UniqueIdentifier>
    </Filter>
    <Filter Include="..\engine\externals\ImGui">
      <UniqueIdentifier>{F43A0918-C917-4216-906B-D75C133E6F1E}</UniqueIdentifier>
    </Filter>
    <Filter Include="resources">
      <UniqueIdentifier>{09BB0E34-BD35-4628-AEC5-BB35D59A6272}</UniqueIdentifier>
    </Filter>
    <Filter Include="Resources">
      <UniqueIdentifier>{E86185FA-4BB2-4C38-989A-8E117123B459}</UniqueIdentifier>
    </Filter>
    <Filter Include="Resources\shaders">
      <UniqueIdentifier>{37891B88-26E5-44AF-8580-6924988C20C0}</UniqueIdentifier>
    </Filter>
    <Filter Include="scene">
      <UniqueIdentifier>{1BC53546-D608-4BC7-B93B-317C9E7A5A81}</UniqueIdentifier>
    </Filter>
    <Filter Include="scene\debug">
      <UniqueIdentifier>{85E4AC1B-FBC0-4991-94DC-BAD160E9A9C1}</UniqueIdentifier>
    </Filter>
    <Filter Include="scene\play">
      <UniqueIdentifier>{4A1793F9-BD6B-4C38-AC83-7F7D31A6E265}</UniqueIdentifier>
    </Filter>
  </ItemGroup>
  <ItemGroup>
    <ClCompile Include="..\engine\externals\ImGui\imgui_demo.cpp">
      <Filter>..\engine\externals\ImGui</Filter>
    </ClCompile>
    <ClCompile Include="..\engine\externals\ImGui\imgui_draw.cpp">
      <Filter>..\engine\externals\ImGui</Filter>
    </ClCompile>
    <ClCompile Include="..\engine\externals\ImGui\imgui_impl_dx12.cpp">
      <Filter>..\engine\externals\ImGui</Filter>
    </ClCompile>
    <ClCompile Include="..\engine\externals\ImGui\imgui_impl_win32.cpp">
      <Filter>..\engine\externals\ImGui</Filter>
    </ClCompile>
    <ClCompile Include="..\engine\externals\ImGui\imgui_tables.cpp">
      <Filter>..\engine\externals\ImGui</Filter>
    </ClCompile>
    <ClCompile Include="..\engine\externals\ImGui\imgui_widgets.cpp">
      <Filter>..\engine\externals\ImGui</Filter>
    </ClCompile>
    <ClCompile Include="..\engine\externals\ImGui\imgui.cpp">
      <Filter>..\engine\externals\ImGui</Filter>
    </ClCompile>
    <ClCompile Include="main.cpp" />
    <ClCompile Include="resources\LoadGameResources.cpp">
      <Filter>resources</Filter>
    </ClCompile>
    <ClCompile Include="scene\debug\ParticleTestScene.cpp">
      <Filter>scene\debug</Filter>
    </ClCompile>
    <ClCompile Include="scene\debug\TestScene.cpp">
      <Filter>scene\debug</Filter>
    </ClCompile>
    <ClCompile Include="scene\play\TitleScene.cpp">
      <Filter>scene\play</Filter>
    </ClCompile>
  </ItemGroup>
  <ItemGroup>
    <ClInclude Include="scene\debug\ParticleTestScene.h">
      <Filter>scene\debug</Filter>
    </ClInclude>
    <ClInclude Include="scene\debug\TestScene.h">
      <Filter>scene\debug</Filter>
    </ClInclude>
    <ClInclude Include="scene\play\TitleScene.h">
      <Filter>scene\play</Filter>
    </ClInclude>
  </ItemGroup>
  <ItemGroup>
    <FxCompile Include="Resources\shaders\Object3d.PS.hlsl">
      <Filter>Resources\shaders</Filter>
    </FxCompile>
    <FxCompile Include="Resources\shaders\Object3d.Vs.hlsl">
      <Filter>Resources\shaders</Filter>
    </FxCompile>
    <FxCompile Include="Resources\shaders\Skybox.PS.hlsl">
      <Filter>Resources\shaders</Filter>
    </FxCompile>
    <FxCompile Include="Resources\shaders\Skybox.VS.hlsl">
      <Filter>Resources\shaders</Filter>
    </FxCompile>
  </ItemGroup>
  <ItemGroup>
    <None Include="Resources\shaders\Line.hlsli">
      <Filter>Resources\shaders</Filter>
    </None>
    <None Include="Resources\shaders\Object3d.hlsli">
      <Filter>Resources\shaders</Filter>
    </None>
    <None Include="Resources\shaders\Particle.hlsli">
      <Filter>Resources\shaders</Filter>
    </None>
    <None Include="Resources\shaders\Skybox.hlsli">
      <Filter>Resources\shaders</Filter>
    </None>
    <None Include="Resources\shaders\Sprite.hlsli">
      <Filter>Resources\shaders</Filter>
    </None>
  </ItemGroup>
</Project>