<?xml version="1.0" encoding="utf-8"?>
<Project ToolsVersion="4.0" xmlns="http://schemas.microsoft.com/developer/msbuild/2003">
  <ItemGroup>
    <Filter Include="engine">
      <UniqueIdentifier>{A94319AD-6DFD-7E3D-E1E6-AF41A5B0D3E7}</UniqueIdentifier>
    </Filter>
    <Filter Include="engine\externals">
      <UniqueIdentifier>{1A7AAFF3-D016-50E8-3430-761F4E8FAA5B}</UniqueIdentifier>
    </Filter>
    <Filter Include="engine\externals\ImGui">
      <UniqueIdentifier>{C20B866B-A693-70F2-F747-F2B589C594B2}</UniqueIdentifier>
    </Filter>
    <Filter Include="Resources">
      <UniqueIdentifier>{C250CFDD-9492-41D4-4F3F-7C1BBC892CB5}</UniqueIdentifier>
    </Filter>
    <Filter Include="resources">
      <UniqueIdentifier>{C758B555-82EF-6E0E-00E5-993B9E55D93B}</UniqueIdentifier>
    </Filter>
    <Filter Include="Resources\shaders">
      <UniqueIdentifier>{2E181770-B06F-7BBB-B84B-996D35E442E5}</UniqueIdentifier>
    </Filter>
    <Filter Include="scene">
      <UniqueIdentifier>{4B607F1E-4186-DE5A-94E1-5FEF8627609B}</UniqueIdentifier>
    </Filter>
    <Filter Include="scene\debug">
      <UniqueIdentifier>{6E9A3A04-7520-F685-1633-A6DA8AC323DB}</UniqueIdentifier>
    </Filter>
    <Filter Include="scene\play">
      <UniqueIdentifier>{14975470-86C4-D18B-27AB-5E9361D090E7}</UniqueIdentifier>
    </Filter>
  </ItemGroup>
  <ItemGroup>
    <ClCompile Include="..\engine\externals\ImGui\imgui.cpp">
      <Filter>engine\externals\ImGui</Filter>
    </ClCompile>
    <ClCompile Include="..\engine\externals\ImGui\imgui_demo.cpp">
      <Filter>engine\externals\ImGui</Filter>
    </ClCompile>
    <ClCompile Include="..\engine\externals\ImGui\imgui_draw.cpp">
      <Filter>engine\externals\ImGui</Filter>
    </ClCompile>
    <ClCompile Include="..\engine\externals\ImGui\imgui_impl_dx12.cpp">
      <Filter>engine\externals\ImGui</Filter>
    </ClCompile>
    <ClCompile Include="..\engine\externals\ImGui\imgui_impl_win32.cpp">
      <Filter>engine\externals\ImGui</Filter>
    </ClCompile>
    <ClCompile Include="..\engine\externals\ImGui\imgui_tables.cpp">
      <Filter>engine\externals\ImGui</Filter>
    </ClCompile>
    <ClCompile Include="..\engine\externals\ImGui\imgui_widgets.cpp">
      <Filter>engine\externals\ImGui</Filter>
    </ClCompile>
    <ClCompile Include="main.cpp" />
    <ClCompile Include="resources\LoadGameResources.cpp">
      <Filter>resources</Filter>
    </ClCompile>
    <ClCompile Include="scene\debug\ParticleTestScene.cpp">
      <Filter>scene\debug</Filter>
    </ClCompile>
    <ClCompile Include="scene\debug\TestScene.cpp">
      <Filter>scene\debug</Filter>
    </ClCompile>
    <ClCompile Include="scene\play\TitleScene.cpp">
      <Filter>scene\play</Filter>
    </ClCompile>
  </ItemGroup>
  <ItemGroup>
    <ClInclude Include="scene\debug\ParticleTestScene.h">
      <Filter>scene\debug</Filter>
    </ClInclude>
    <ClInclude Include="scene\debug\TestScene.h">
      <Filter>scene\debug</Filter>
    </ClInclude>
    <ClInclude Include="scene\play\TitleScene.h">
      <Filter>scene\play</Filter>
    </ClInclude>
  </ItemGroup>
  <ItemGroup>
    <FxCompile Include="Resources\shaders\Object3d.PS.hlsl">
      <Filter>Resources\shaders</Filter>
    </FxCompile>
    <FxCompile Include="Resources\shaders\Object3d.Vs.hlsl">
      <Filter>Resources\shaders</Filter>
    </FxCompile>
    <FxCompile Include="Resources\shaders\Skybox.PS.hlsl">
      <Filter>Resources\shaders</Filter>
    </FxCompile>
    <FxCompile Include="Resources\shaders\Skybox.VS.hlsl">
      <Filter>Resources\shaders</Filter>
    </FxCompile>
  </ItemGroup>
  <ItemGroup>
    <None Include="Resources\shaders\Line.hlsli">
      <Filter>Resources\shaders</Filter>
    </None>
    <None Include="Resources\shaders\Object3d.hlsli">
      <Filter>Resources\shaders</Filter>
    </None>
    <None Include="Resources\shaders\Particle.hlsli">
      <Filter>Resources\shaders</Filter>
    </None>
    <None Include="Resources\shaders\Skybox.hlsli">
      <Filter>Resources\shaders</Filter>
    </None>
    <None Include="Resources\shaders\Sprite.hlsli">
      <Filter>Resources\shaders</Filter>
    </None>
  </ItemGroup>
</Project>